# THIS IS AN AUTOGENERATED FILE. DO NOT EDIT THIS FILE DIRECTLY.
# yarn lockfile v1


"@floating-ui/core@^1.2.6":
  version "1.2.6"
  resolved "https://registry.yarnpkg.com/@floating-ui/core/-/core-1.2.6.tgz#d21ace437cc919cdd8f1640302fa8851e65e75c0"
  integrity sha512-EvYTiXet5XqweYGClEmpu3BoxmsQ4hkj3QaYA6qEnigCWffTP3vNRwBReTdrwDwo7OoJ3wM8Uoe9Uk4n+d4hfg==

"@floating-ui/dom@^1.2.6":
  version "1.2.6"
  resolved "https://registry.yarnpkg.com/@floating-ui/dom/-/dom-1.2.6.tgz#bcf0c7bada97c20d9d1255b889f35bac838c63fe"
  integrity sha512-02vxFDuvuVPs22iJICacezYJyf7zwwOCWkPNkWNBr1U0Qt1cKFYzWvxts0AmqcOQGwt/3KJWcWIgtbUU38keyw==
  dependencies:
    "@floating-ui/core" "^1.2.6"

"@types/node@^18.15.3":
  version "18.16.0"
  resolved "https://registry.yarnpkg.com/@types/node/-/node-18.16.0.tgz#4668bc392bb6938637b47e98b1f2ed5426f33316"
  integrity sha512-BsAaKhB+7X+H4GnSjGhJG9Qi8Tw+inU9nJDwmD5CgOmBLEI6ArdhikpLX7DjbjDRDTbqZzU2LSQNZg8WGPiSZQ==

csstype@^3.1.0:
  version "3.1.2"
  resolved "https://registry.yarnpkg.com/csstype/-/csstype-3.1.2.tgz#1d4bf9d572f11c14031f0436e1c10bc1f571f50b"
  integrity sha512-I7K1Uu0MBPzaFKg4nI5Q7Vs2t+3gWWW648spaF+Rg7pI9ds18Ugn+lvg4SHczUdKlHI5LWBXyqfS8+DufyBsgQ==

seroval@^0.5.0:
  version "0.5.1"
  resolved "https://registry.yarnpkg.com/seroval/-/seroval-0.5.1.tgz#e6d17365cdaaae7e50815c7e0bcd7102facdadf3"
  integrity sha512-ZfhQVB59hmIauJG5Ydynupy8KHyr5imGNtdDhbZG68Ufh1Ynkv9KOYOAABf71oVbQxJ8VkWnMHAjEHE7fWkH5g==

solid-icons@^1.0.4:
  version "1.0.4"
  resolved "https://registry.yarnpkg.com/solid-icons/-/solid-icons-1.0.4.tgz#13eb122fe927110e2463c96d226492fb837a9802"
  integrity sha512-gJTp4in3+OYCs9WvDkSLt4Los2unR3Uoder8wjh15GsfP20xiNOLfPTJllXmn+fI8+k3x7bRYtLGIgWd9fUQug==

solid-js@^1.7.3:
  version "1.7.3"
  resolved "https://registry.yarnpkg.com/solid-js/-/solid-js-1.7.3.tgz#3e2e2ce7f2415336f5c96668f9524ad51f6a718b"
  integrity sha512-4hwaF/zV/xbNeBBIYDyu3dcReOZBECbO//mrra6GqOrKy4Soyo+fnKjpZSa0nODm6j1aL0iQRh/7ofYowH+jzw==
  dependencies:
    csstype "^3.1.0"
    seroval "^0.5.0"
